{
  "name": "react-app-rewire-less-modules",
  "version": "1.0.0",
  "lockfileVersion": 1,
  "requires": true,
  "dependencies": {
    "name-all-modules-plugin": {
      "version": "1.0.1",
      "resolved": "https://registry.npmjs.org/name-all-modules-plugin/-/name-all-modules-plugin-1.0.1.tgz",
      "integrity": "sha1-Cr+2rYNXGLn7Te8GdOBmV6lUN1w="
    }
  }
}
